
Microsoft Visual Studio Solution File, Format Version 12.00
# Visual Studio 15
VisualStudioVersion = 15.0.26730.16
MinimumVisualStudioVersion = 10.0.40219.1
Project("{FAE04EC0-301F-11D3-BF4B-00C04F79EFBC}") = "SimpleRESTServer", "SimpleRESTServer\SimpleRESTServer.csproj", "{1CCB124A-7486-43C0-ABE7-C98FEBEE74A7}"
EndProject
Global
	GlobalSection(SolutionConfigurationPlatforms) = preSolution
		Debug|Any CPU = Debug|Any CPU
		Release|Any CPU = Release|Any CPU
	EndGlobalSection
	GlobalSection(ProjectConfigurationPlatforms) = postSolution
		{1CCB124A-7486-43C0-ABE7-C98FEBEE74A7}.Debug|Any CPU.ActiveCfg = Debug|Any CPU
		{1CCB124A-7486-43C0-ABE7-C98FEBEE74A7}.Debug|Any CPU.Build.0 = Debug|Any CPU
		{1CCB124A-7486-43C0-ABE7-C98FEBEE74A7}.Release|Any CPU.ActiveCfg = Release|Any CPU
		{1CCB124A-7486-43C0-ABE7-C98FEBEE74A7}.Release|Any CPU.Build.0 = Release|Any CPU
	EndGlobalSection
	GlobalSection(SolutionProperties) = preSolution
		HideSolutionNode = FALSE
	EndGlobalSection
	GlobalSection(ExtensibilityGlobals) = postSolution
		SolutionGuid = {7FD2F062-44D5-4DC6-A70C-F37BAC93C3DE}
	EndGlobalSection
EndGlobal
